
Microsoft Visual Studio Solution File, Format Version 12.00
# Visual Studio Version 17
VisualStudioVersion = 17.8.34511.84
MinimumVisualStudioVersion = 10.0.40219.1
Project("{FAE04EC0-301F-11D3-BF4B-00C04F79EFBC}") = "datafisrt_EF", "datafisrt_EF\datafisrt_EF.csproj", "{BA51C997-8776-4E77-BF2D-868AB9FA4C15}"
EndProject
Global
	GlobalSection(SolutionConfigurationPlatforms) = preSolution
		Debug|Any CPU = Debug|Any CPU
		Release|Any CPU = Release|Any CPU
	EndGlobalSection
	GlobalSection(ProjectConfigurationPlatforms) = postSolution
		{BA51C997-8776-4E77-BF2D-868AB9FA4C15}.Debug|Any CPU.ActiveCfg = Debug|Any CPU
		{BA51C997-8776-4E77-BF2D-868AB9FA4C15}.Debug|Any CPU.Build.0 = Debug|Any CPU
		{BA51C997-8776-4E77-BF2D-868AB9FA4C15}.Release|Any CPU.ActiveCfg = Release|Any CPU
		{BA51C997-8776-4E77-BF2D-868AB9FA4C15}.Release|Any CPU.Build.0 = Release|Any CPU
	EndGlobalSection
	GlobalSection(SolutionProperties) = preSolution
		HideSolutionNode = FALSE
	EndGlobalSection
	GlobalSection(ExtensibilityGlobals) = postSolution
		SolutionGuid = {3A64200E-620A-4F3F-BABD-B2C293C46A3A}
	EndGlobalSection
EndGlobal
